
Microsoft Visual Studio Solution File, Format Version 12.00
# Visual Studio Version 17
VisualStudioVersion = 17.1.32414.318
MinimumVisualStudioVersion = 10.0.40219.1
Project("{9A19103F-16F7-4668-BE54-9A1E7A4F7556}") = "Calculator.Web.Api", "Calculator.Web.Api\Calculator.Web.Api.csproj", "{6A5177A5-105A-48AA-B6D7-4342DE8506AB}"
EndProject
Project("{FAE04EC0-301F-11D3-BF4B-00C04F79EFBC}") = "Calculator.Web.Api.UnitTests", "Calculator.Web.Api.UnitTests\Calculator.Web.Api.UnitTests.csproj", "{702F3F07-334F-434D-B681-BA7252734A81}"
EndProject
Global
	GlobalSection(SolutionConfigurationPlatforms) = preSolution
		Debug|Any CPU = Debug|Any CPU
		Release|Any CPU = Release|Any CPU
	EndGlobalSection
	GlobalSection(ProjectConfigurationPlatforms) = postSolution
		{6A5177A5-105A-48AA-B6D7-4342DE8506AB}.Debug|Any CPU.ActiveCfg = Debug|Any CPU
		{6A5177A5-105A-48AA-B6D7-4342DE8506AB}.Debug|Any CPU.Build.0 = Debug|Any CPU
		{6A5177A5-105A-48AA-B6D7-4342DE8506AB}.Release|Any CPU.ActiveCfg = Release|Any CPU
		{6A5177A5-105A-48AA-B6D7-4342DE8506AB}.Release|Any CPU.Build.0 = Release|Any CPU
		{702F3F07-334F-434D-B681-BA7252734A81}.Debug|Any CPU.ActiveCfg = Debug|Any CPU
		{702F3F07-334F-434D-B681-BA7252734A81}.Debug|Any CPU.Build.0 = Debug|Any CPU
		{702F3F07-334F-434D-B681-BA7252734A81}.Release|Any CPU.ActiveCfg = Release|Any CPU
		{702F3F07-334F-434D-B681-BA7252734A81}.Release|Any CPU.Build.0 = Release|Any CPU
	EndGlobalSection
	GlobalSection(SolutionProperties) = preSolution
		HideSolutionNode = FALSE
	EndGlobalSection
	GlobalSection(ExtensibilityGlobals) = postSolution
		SolutionGuid = {590DC83C-4DDC-4042-8EFD-585D5006073F}
	EndGlobalSection
EndGlobal
